{
  "name": "polenavi",
  "version": "0.1.0",
  "lockfileVersion": 3,
  "requires": true,
  "packages": {
    "": {
      "name": "polenavi",
      "version": "0.1.0",
      "engines": {
        "node": ">=18.0.0",
        "npm": ">=9.0.0"
      }
    },
    "backend": {
      "name": "polenavi-backend",
      "version": "0.1.0",
      "extraneous": true,
      "dependencies": {
        "@prisma/client": "^5.22.0",
        "bcrypt": "^5.1.1",
        "cloudinary": "^1.41.0",
        "cookie-parser": "^1.4.7",
        "cors": "^2.8.5",
        "csurf": "^1.11.0",
        "dotenv": "^16.3.1",
        "express": "^4.18.2",
        "express-rate-limit": "^7.1.5",
        "helmet": "^7.1.0",
        "jsonwebtoken": "^9.0.2",
        "multer": "^2.0.2",
        "node-cron": "^3.0.3",
        "resend": "^3.0.0",
        "sharp": "^0.33.0",
        "uuid": "^13.0.0"
      },
      "devDependencies": {
        "@types/bcrypt": "^5.0.2",
        "@types/cookie-parser": "^1.4.10",
        "@types/cors": "^2.8.17",
        "@types/express": "^4.17.21",
        "@types/jsonwebtoken": "^9.0.5",
        "@types/multer": "^2.0.0",
        "@types/node": "^20.10.5",
        "@types/node-cron": "^3.0.11",
        "@types/uuid": "^10.0.0",
        "prisma": "^5.7.1",
        "tsx": "^4.7.0",
        "typescript": "^5.3.3"
      },
      "engines": {
        "node": ">=18.0.0"
      }
    },
    "frontend": {
      "version": "0.0.0",
      "extraneous": true,
      "dependencies": {
        "@capacitor/camera": "^7.0.2",
        "@capacitor/core": "^7.4.3",
        "@types/leaflet.markercluster": "^1.5.6",
        "axios": "^1.12.2",
        "browser-image-compression": "^2.0.2",
        "leaflet": "^1.9.4",
        "leaflet.markercluster": "^1.5.3",
        "lucide-react": "^0.545.0",
        "react": "^19.1.1",
        "react-dom": "^19.1.1",
        "react-router-dom": "^7.9.4"
      },
      "devDependencies": {
        "@eslint/js": "^9.36.0",
        "@types/leaflet": "^1.9.20",
        "@types/node": "^24.6.0",
        "@types/react": "^19.1.16",
        "@types/react-dom": "^19.1.9",
        "@vitejs/plugin-react": "^5.0.4",
        "autoprefixer": "^10.4.21",
        "eslint": "^9.36.0",
        "eslint-plugin-react-hooks": "^5.2.0",
        "eslint-plugin-react-refresh": "^0.4.22",
        "globals": "^16.4.0",
        "postcss": "^8.5.6",
        "tailwindcss": "^3.4.0",
        "typescript": "~5.9.3",
        "typescript-eslint": "^8.45.0",
        "vite": "npm:rolldown-vite@7.1.14"
      }
    },
    "shared": {
      "name": "@polenavi/shared",
      "version": "0.1.0",
      "extraneous": true,
      "license": "ISC",
      "devDependencies": {
        "@types/node": "^20.10.5",
        "typescript": "^5.3.3"
      }
    }
  }
}
